{
    "version": 3,
    "terraform_version": "0.9.11",
    "serial": 0,
    "lineage": "5fd1a0ad-d482-4e5f-9aa8-3249ad36672c",
    "modules": [
        {
            "path": [
                "root"
            ],
            "outputs": {},
            "resources": {
                "aws_instance.aws-swarm-members.0": {
                    "type": "aws_instance",
                    "depends_on": [
                        "aws_security_group.swarm_sg",
                        "data.aws_ami.ubuntu"
                    ],
                    "primary": {
                        "id": "i-04733ce9d4a00e781",
                        "attributes": {
                            "ami": "ami-09d2fb69",
                            "associate_public_ip_address": "true",
                            "availability_zone": "us-west-1c",
                            "disable_api_termination": "false",
                            "ebs_block_device.#": "0",
                            "ebs_optimized": "false",
                            "ephemeral_block_device.#": "0",
                            "iam_instance_profile": "",
                            "id": "i-04733ce9d4a00e781",
                            "instance_state": "running",
                            "instance_type": "t2.micro",
                            "ipv6_addresses.#": "0",
                            "key_name": "jruels",
                            "monitoring": "false",
                            "network_interface.#": "0",
                            "network_interface_id": "eni-0339ce00",
                            "primary_network_interface_id": "eni-0339ce00",
                            "private_dns": "ip-172-31-6-131.us-west-1.compute.internal",
                            "private_ip": "172.31.6.131",
                            "public_dns": "ec2-54-67-117-83.us-west-1.compute.amazonaws.com",
                            "public_ip": "54.67.117.83",
                            "root_block_device.#": "1",
                            "root_block_device.0.delete_on_termination": "true",
                            "root_block_device.0.iops": "100",
                            "root_block_device.0.volume_size": "8",
                            "root_block_device.0.volume_type": "gp2",
                            "security_groups.#": "0",
                            "source_dest_check": "true",
                            "subnet_id": "subnet-7a1a6a23",
                            "tags.%": "1",
                            "tags.Name": "swarm-member-0",
                            "tenancy": "default",
                            "volume_tags.%": "0",
                            "vpc_security_group_ids.#": "1",
                            "vpc_security_group_ids.2822654306": "sg-01da1767"
                        },
                        "meta": {
                            "e2bfb730-ecaa-11e6-8f88-34363bc7c4c0": {
                                "create": 600000000000,
                                "delete": 600000000000,
                                "update": 600000000000
                            },
                            "schema_version": "1"
                        },
                        "tainted": false
                    },
                    "deposed": [],
                    "provider": ""
                },
                "aws_instance.aws-swarm-members.1": {
                    "type": "aws_instance",
                    "depends_on": [
                        "aws_security_group.swarm_sg",
                        "data.aws_ami.ubuntu"
                    ],
                    "primary": {
                        "id": "i-0b632a81ab70a48a0",
                        "attributes": {
                            "ami": "ami-09d2fb69",
                            "associate_public_ip_address": "true",
                            "availability_zone": "us-west-1c",
                            "disable_api_termination": "false",
                            "ebs_block_device.#": "0",
                            "ebs_optimized": "false",
                            "ephemeral_block_device.#": "0",
                            "iam_instance_profile": "",
                            "id": "i-0b632a81ab70a48a0",
                            "instance_state": "running",
                            "instance_type": "t2.micro",
                            "ipv6_addresses.#": "0",
                            "key_name": "jruels",
                            "monitoring": "false",
                            "network_interface.#": "0",
                            "network_interface_id": "eni-2338cf20",
                            "primary_network_interface_id": "eni-2338cf20",
                            "private_dns": "ip-172-31-5-239.us-west-1.compute.internal",
                            "private_ip": "172.31.5.239",
                            "public_dns": "ec2-54-183-219-130.us-west-1.compute.amazonaws.com",
                            "public_ip": "54.183.219.130",
                            "root_block_device.#": "1",
                            "root_block_device.0.delete_on_termination": "true",
                            "root_block_device.0.iops": "100",
                            "root_block_device.0.volume_size": "8",
                            "root_block_device.0.volume_type": "gp2",
                            "security_groups.#": "0",
                            "source_dest_check": "true",
                            "subnet_id": "subnet-7a1a6a23",
                            "tags.%": "1",
                            "tags.Name": "swarm-member-1",
                            "tenancy": "default",
                            "volume_tags.%": "0",
                            "vpc_security_group_ids.#": "1",
                            "vpc_security_group_ids.2822654306": "sg-01da1767"
                        },
                        "meta": {
                            "e2bfb730-ecaa-11e6-8f88-34363bc7c4c0": {
                                "create": 600000000000,
                                "delete": 600000000000,
                                "update": 600000000000
                            },
                            "schema_version": "1"
                        },
                        "tainted": false
                    },
                    "deposed": [],
                    "provider": ""
                },
                "aws_instance.swarm-master": {
                    "type": "aws_instance",
                    "depends_on": [
                        "aws_security_group.swarm_sg",
                        "data.aws_ami.ubuntu"
                    ],
                    "primary": {
                        "id": "i-0a5fd28773eb7802b",
                        "attributes": {
                            "ami": "ami-09d2fb69",
                            "associate_public_ip_address": "true",
                            "availability_zone": "us-west-1c",
                            "disable_api_termination": "false",
                            "ebs_block_device.#": "0",
                            "ebs_optimized": "false",
                            "ephemeral_block_device.#": "0",
                            "iam_instance_profile": "",
                            "id": "i-0a5fd28773eb7802b",
                            "instance_state": "running",
                            "instance_type": "t2.micro",
                            "ipv6_addresses.#": "0",
                            "key_name": "jruels",
                            "monitoring": "false",
                            "network_interface.#": "0",
                            "network_interface_id": "eni-fc3acdff",
                            "primary_network_interface_id": "eni-fc3acdff",
                            "private_dns": "ip-172-31-12-119.us-west-1.compute.internal",
                            "private_ip": "172.31.12.119",
                            "public_dns": "ec2-54-183-198-229.us-west-1.compute.amazonaws.com",
                            "public_ip": "54.183.198.229",
                            "root_block_device.#": "1",
                            "root_block_device.0.delete_on_termination": "true",
                            "root_block_device.0.iops": "100",
                            "root_block_device.0.volume_size": "8",
                            "root_block_device.0.volume_type": "gp2",
                            "security_groups.#": "0",
                            "source_dest_check": "true",
                            "subnet_id": "subnet-7a1a6a23",
                            "tags.%": "1",
                            "tags.Name": "swarm-master",
                            "tenancy": "default",
                            "volume_tags.%": "0",
                            "vpc_security_group_ids.#": "1",
                            "vpc_security_group_ids.2822654306": "sg-01da1767"
                        },
                        "meta": {
                            "e2bfb730-ecaa-11e6-8f88-34363bc7c4c0": {
                                "create": 600000000000,
                                "delete": 600000000000,
                                "update": 600000000000
                            },
                            "schema_version": "1"
                        },
                        "tainted": false
                    },
                    "deposed": [],
                    "provider": ""
                },
                "aws_security_group.swarm_sg": {
                    "type": "aws_security_group",
                    "depends_on": [],
                    "primary": {
                        "id": "sg-01da1767",
                        "attributes": {
                            "description": "Allow all inbound traffic necessary for Swarm",
                            "egress.#": "1",
                            "egress.482069346.cidr_blocks.#": "1",
                            "egress.482069346.cidr_blocks.0": "0.0.0.0/0",
                            "egress.482069346.from_port": "0",
                            "egress.482069346.ipv6_cidr_blocks.#": "0",
                            "egress.482069346.prefix_list_ids.#": "0",
                            "egress.482069346.protocol": "-1",
                            "egress.482069346.security_groups.#": "0",
                            "egress.482069346.self": "false",
                            "egress.482069346.to_port": "0",
                            "id": "sg-01da1767",
                            "ingress.#": "5",
                            "ingress.2541437006.cidr_blocks.#": "1",
                            "ingress.2541437006.cidr_blocks.0": "0.0.0.0/0",
                            "ingress.2541437006.from_port": "22",
                            "ingress.2541437006.ipv6_cidr_blocks.#": "0",
                            "ingress.2541437006.protocol": "tcp",
                            "ingress.2541437006.security_groups.#": "0",
                            "ingress.2541437006.self": "false",
                            "ingress.2541437006.to_port": "22",
                            "ingress.3248279543.cidr_blocks.#": "1",
                            "ingress.3248279543.cidr_blocks.0": "0.0.0.0/0",
                            "ingress.3248279543.from_port": "4789",
                            "ingress.3248279543.ipv6_cidr_blocks.#": "0",
                            "ingress.3248279543.protocol": "tcp",
                            "ingress.3248279543.security_groups.#": "0",
                            "ingress.3248279543.self": "false",
                            "ingress.3248279543.to_port": "4789",
                            "ingress.3617726993.cidr_blocks.#": "1",
                            "ingress.3617726993.cidr_blocks.0": "0.0.0.0/0",
                            "ingress.3617726993.from_port": "2377",
                            "ingress.3617726993.ipv6_cidr_blocks.#": "0",
                            "ingress.3617726993.protocol": "tcp",
                            "ingress.3617726993.security_groups.#": "0",
                            "ingress.3617726993.self": "false",
                            "ingress.3617726993.to_port": "2377",
                            "ingress.705515788.cidr_blocks.#": "1",
                            "ingress.705515788.cidr_blocks.0": "0.0.0.0/0",
                            "ingress.705515788.from_port": "7946",
                            "ingress.705515788.ipv6_cidr_blocks.#": "0",
                            "ingress.705515788.protocol": "tcp",
                            "ingress.705515788.security_groups.#": "0",
                            "ingress.705515788.self": "false",
                            "ingress.705515788.to_port": "7946",
                            "ingress.89448705.cidr_blocks.#": "1",
                            "ingress.89448705.cidr_blocks.0": "0.0.0.0/0",
                            "ingress.89448705.from_port": "7946",
                            "ingress.89448705.ipv6_cidr_blocks.#": "0",
                            "ingress.89448705.protocol": "udp",
                            "ingress.89448705.security_groups.#": "0",
                            "ingress.89448705.self": "false",
                            "ingress.89448705.to_port": "7946",
                            "name": "swarm_sg",
                            "owner_id": "197074178630",
                            "tags.%": "1",
                            "tags.Name": "swarm_sg",
                            "vpc_id": "vpc-ba682fdf"
                        },
                        "meta": {},
                        "tainted": false
                    },
                    "deposed": [],
                    "provider": ""
                },
                "data.aws_ami.ubuntu": {
                    "type": "aws_ami",
                    "depends_on": [],
                    "primary": {
                        "id": "ami-09d2fb69",
                        "attributes": {
                            "architecture": "x86_64",
                            "block_device_mappings.#": "3",
                            "block_device_mappings.1634610537.device_name": "/dev/sdb",
                            "block_device_mappings.1634610537.ebs.%": "0",
                            "block_device_mappings.1634610537.no_device": "",
                            "block_device_mappings.1634610537.virtual_name": "ephemeral0",
                            "block_device_mappings.2547816212.device_name": "/dev/sda1",
                            "block_device_mappings.2547816212.ebs.%": "6",
                            "block_device_mappings.2547816212.ebs.delete_on_termination": "true",
                            "block_device_mappings.2547816212.ebs.encrypted": "false",
                            "block_device_mappings.2547816212.ebs.iops": "0",
                            "block_device_mappings.2547816212.ebs.snapshot_id": "snap-040afd923f07d0611",
                            "block_device_mappings.2547816212.ebs.volume_size": "8",
                            "block_device_mappings.2547816212.ebs.volume_type": "gp2",
                            "block_device_mappings.2547816212.no_device": "",
                            "block_device_mappings.2547816212.virtual_name": "",
                            "block_device_mappings.3850042718.device_name": "/dev/sdc",
                            "block_device_mappings.3850042718.ebs.%": "0",
                            "block_device_mappings.3850042718.no_device": "",
                            "block_device_mappings.3850042718.virtual_name": "ephemeral1",
                            "creation_date": "2017-07-24T20:27:43.000Z",
                            "description": "Canonical, Ubuntu, 16.04 LTS, amd64 xenial image build on 2017-07-21",
                            "filter.#": "2",
                            "filter.1585153008.name": "name",
                            "filter.1585153008.values.#": "1",
                            "filter.1585153008.values.0": "ubuntu/images/hvm-ssd/ubuntu-xenial-16.04-amd64-server-*",
                            "filter.490168357.name": "virtualization-type",
                            "filter.490168357.values.#": "1",
                            "filter.490168357.values.0": "hvm",
                            "hypervisor": "xen",
                            "id": "ami-09d2fb69",
                            "image_id": "ami-09d2fb69",
                            "image_location": "099720109477/ubuntu/images/hvm-ssd/ubuntu-xenial-16.04-amd64-server-20170721",
                            "image_type": "machine",
                            "most_recent": "true",
                            "name": "ubuntu/images/hvm-ssd/ubuntu-xenial-16.04-amd64-server-20170721",
                            "owner_id": "099720109477",
                            "owners.#": "1",
                            "owners.0": "099720109477",
                            "product_codes.#": "0",
                            "public": "true",
                            "root_device_name": "/dev/sda1",
                            "root_device_type": "ebs",
                            "sriov_net_support": "simple",
                            "state": "available",
                            "state_reason.%": "2",
                            "state_reason.code": "UNSET",
                            "state_reason.message": "UNSET",
                            "tags.#": "0",
                            "virtualization_type": "hvm"
                        },
                        "meta": {},
                        "tainted": false
                    },
                    "deposed": [],
                    "provider": ""
                },
                "null_resource.ansible-provision": {
                    "type": "null_resource",
                    "depends_on": [
                        "aws_instance.aws-swarm-members",
                        "aws_instance.aws-swarm-members.*",
                        "aws_instance.swarm-master"
                    ],
                    "primary": {
                        "id": "2043155394558830595",
                        "attributes": {
                            "id": "2043155394558830595"
                        },
                        "meta": {},
                        "tainted": false
                    },
                    "deposed": [],
                    "provider": ""
                }
            },
            "depends_on": []
        }
    ]
}
